
Microsoft Visual Studio Solution File, Format Version 12.00
# Visual Studio Version 17
VisualStudioVersion = 17.13.35806.99 d17.13
MinimumVisualStudioVersion = 10.0.40219.1
Project("{FAE04EC0-301F-11D3-BF4B-00C04F79EFBC}") = "SalesCet97.Web", "SalesCet97.Web\SalesCet97.Web.csproj", "{3697C8A3-F9D9-42F2-A650-4EB77C66C372}"
EndProject
Global
	GlobalSection(SolutionConfigurationPlatforms) = preSolution
		Debug|Any CPU = Debug|Any CPU
		Release|Any CPU = Release|Any CPU
	EndGlobalSection
	GlobalSection(ProjectConfigurationPlatforms) = postSolution
		{3697C8A3-F9D9-42F2-A650-4EB77C66C372}.Debug|Any CPU.ActiveCfg = Debug|Any CPU
		{3697C8A3-F9D9-42F2-A650-4EB77C66C372}.Debug|Any CPU.Build.0 = Debug|Any CPU
		{3697C8A3-F9D9-42F2-A650-4EB77C66C372}.Release|Any CPU.ActiveCfg = Release|Any CPU
		{3697C8A3-F9D9-42F2-A650-4EB77C66C372}.Release|Any CPU.Build.0 = Release|Any CPU
	EndGlobalSection
	GlobalSection(SolutionProperties) = preSolution
		HideSolutionNode = FALSE
	EndGlobalSection
	GlobalSection(ExtensibilityGlobals) = postSolution
		SolutionGuid = {33C8BC99-1239-48F8-840B-42514FA82D73}
	EndGlobalSection
EndGlobal
